
Microsoft Visual Studio Solution File, Format Version 12.00
# Visual Studio Version 17
VisualStudioVersion = 17.13.35828.75 d17.13
MinimumVisualStudioVersion = 10.0.40219.1
Project("{FAE04EC0-301F-11D3-BF4B-00C04F79EFBC}") = "CRMWalkinApp", "CRMWalkinApp\CRMWalkinApp.csproj", "{81D691D8-C4DE-445C-A245-EE088A18D63F}"
EndProject
Global
	GlobalSection(SolutionConfigurationPlatforms) = preSolution
		Debug|Any CPU = Debug|Any CPU
		Release|Any CPU = Release|Any CPU
	EndGlobalSection
	GlobalSection(ProjectConfigurationPlatforms) = postSolution
		{81D691D8-C4DE-445C-A245-EE088A18D63F}.Debug|Any CPU.ActiveCfg = Debug|Any CPU
		{81D691D8-C4DE-445C-A245-EE088A18D63F}.Debug|Any CPU.Build.0 = Debug|Any CPU
		{81D691D8-C4DE-445C-A245-EE088A18D63F}.Release|Any CPU.ActiveCfg = Release|Any CPU
		{81D691D8-C4DE-445C-A245-EE088A18D63F}.Release|Any CPU.Build.0 = Release|Any CPU
	EndGlobalSection
	GlobalSection(SolutionProperties) = preSolution
		HideSolutionNode = FALSE
	EndGlobalSection
	GlobalSection(ExtensibilityGlobals) = postSolution
		SolutionGuid = {DD4DCD87-E341-46A3-BDE0-3916752B8B81}
	EndGlobalSection
EndGlobal
